
Microsoft Visual Studio Solution File, Format Version 12.00
# Visual Studio Version 17
VisualStudioVersion = 17.2.32616.157
MinimumVisualStudioVersion = 10.0.40219.1
Project("{9A19103F-16F7-4668-BE54-9A1E7A4F7556}") = "dkpl", "dkpl.csproj", "{7DAF5321-80E9-4DB2-8D83-716D781D6094}"
EndProject
Global
	GlobalSection(SolutionConfigurationPlatforms) = preSolution
		Debug|Any CPU = Debug|Any CPU
		Debug|x64 = Debug|x64
		Release|Any CPU = Release|Any CPU
		Release|x64 = Release|x64
		Shipping|Any CPU = Shipping|Any CPU
		Shipping|x64 = Shipping|x64
	EndGlobalSection
	GlobalSection(ProjectConfigurationPlatforms) = postSolution
		{7DAF5321-80E9-4DB2-8D83-716D781D6094}.Debug|Any CPU.ActiveCfg = Debug|Any CPU
		{7DAF5321-80E9-4DB2-8D83-716D781D6094}.Debug|Any CPU.Build.0 = Debug|Any CPU
		{7DAF5321-80E9-4DB2-8D83-716D781D6094}.Debug|x64.ActiveCfg = Debug|x64
		{7DAF5321-80E9-4DB2-8D83-716D781D6094}.Debug|x64.Build.0 = Debug|x64
		{7DAF5321-80E9-4DB2-8D83-716D781D6094}.Release|Any CPU.ActiveCfg = Release|Any CPU
		{7DAF5321-80E9-4DB2-8D83-716D781D6094}.Release|Any CPU.Build.0 = Release|Any CPU
		{7DAF5321-80E9-4DB2-8D83-716D781D6094}.Release|x64.ActiveCfg = Release|x64
		{7DAF5321-80E9-4DB2-8D83-716D781D6094}.Release|x64.Build.0 = Release|x64
		{7DAF5321-80E9-4DB2-8D83-716D781D6094}.Shipping|Any CPU.ActiveCfg = Shipping|Any CPU
		{7DAF5321-80E9-4DB2-8D83-716D781D6094}.Shipping|Any CPU.Build.0 = Shipping|Any CPU
		{7DAF5321-80E9-4DB2-8D83-716D781D6094}.Shipping|x64.ActiveCfg = Shipping|x64
		{7DAF5321-80E9-4DB2-8D83-716D781D6094}.Shipping|x64.Build.0 = Shipping|x64
	EndGlobalSection
	GlobalSection(SolutionProperties) = preSolution
		HideSolutionNode = FALSE
	EndGlobalSection
	GlobalSection(ExtensibilityGlobals) = postSolution
		SolutionGuid = {36477FF5-E6D1-4FDB-A222-FA78E18B0254}
	EndGlobalSection
EndGlobal
