
Microsoft Visual Studio Solution File, Format Version 12.00
# Visual Studio Version 17
VisualStudioVersion = 17.2.32519.379
MinimumVisualStudioVersion = 10.0.40219.1
Project("{FAE04EC0-301F-11D3-BF4B-00C04F79EFBC}") = "dkcv", "dkcv\dkcv.csproj", "{52532EB6-8F1B-4199-BEC4-F2D2CBA9B56D}"
EndProject
Global
	GlobalSection(SolutionConfigurationPlatforms) = preSolution
		Debug|Any CPU = Debug|Any CPU
		Debug|x64 = Debug|x64
		Release|Any CPU = Release|Any CPU
		Release|x64 = Release|x64
		shipping|Any CPU = shipping|Any CPU
		shipping|x64 = shipping|x64
	EndGlobalSection
	GlobalSection(ProjectConfigurationPlatforms) = postSolution
		{52532EB6-8F1B-4199-BEC4-F2D2CBA9B56D}.Debug|Any CPU.ActiveCfg = Debug|Any CPU
		{52532EB6-8F1B-4199-BEC4-F2D2CBA9B56D}.Debug|Any CPU.Build.0 = Debug|Any CPU
		{52532EB6-8F1B-4199-BEC4-F2D2CBA9B56D}.Debug|x64.ActiveCfg = Debug|x64
		{52532EB6-8F1B-4199-BEC4-F2D2CBA9B56D}.Debug|x64.Build.0 = Debug|x64
		{52532EB6-8F1B-4199-BEC4-F2D2CBA9B56D}.Release|Any CPU.ActiveCfg = Release|Any CPU
		{52532EB6-8F1B-4199-BEC4-F2D2CBA9B56D}.Release|Any CPU.Build.0 = Release|Any CPU
		{52532EB6-8F1B-4199-BEC4-F2D2CBA9B56D}.Release|x64.ActiveCfg = Release|x64
		{52532EB6-8F1B-4199-BEC4-F2D2CBA9B56D}.Release|x64.Build.0 = Release|x64
		{52532EB6-8F1B-4199-BEC4-F2D2CBA9B56D}.shipping|Any CPU.ActiveCfg = shipping|Any CPU
		{52532EB6-8F1B-4199-BEC4-F2D2CBA9B56D}.shipping|Any CPU.Build.0 = shipping|Any CPU
		{52532EB6-8F1B-4199-BEC4-F2D2CBA9B56D}.shipping|x64.ActiveCfg = shipping|x64
		{52532EB6-8F1B-4199-BEC4-F2D2CBA9B56D}.shipping|x64.Build.0 = shipping|x64
	EndGlobalSection
	GlobalSection(SolutionProperties) = preSolution
		HideSolutionNode = FALSE
	EndGlobalSection
	GlobalSection(ExtensibilityGlobals) = postSolution
		SolutionGuid = {9EA25E90-0188-4B27-87EA-6F38238ECD9B}
	EndGlobalSection
EndGlobal
