
Microsoft Visual Studio Solution File, Format Version 12.00
# Visual Studio Version 17
VisualStudioVersion = 17.5.33516.290
MinimumVisualStudioVersion = 10.0.40219.1
Project("{FAE04EC0-301F-11D3-BF4B-00C04F79EFBC}") = "Runner", "Runner.csproj", "{17831945-134A-46E9-BE95-5F5156BDA5AB}"
EndProject
Global
	GlobalSection(SolutionConfigurationPlatforms) = preSolution
		Debug|Any CPU = Debug|Any CPU
		Release|Any CPU = Release|Any CPU
	EndGlobalSection
	GlobalSection(ProjectConfigurationPlatforms) = postSolution
		{17831945-134A-46E9-BE95-5F5156BDA5AB}.Debug|Any CPU.ActiveCfg = Debug|Any CPU
		{17831945-134A-46E9-BE95-5F5156BDA5AB}.Debug|Any CPU.Build.0 = Debug|Any CPU
		{17831945-134A-46E9-BE95-5F5156BDA5AB}.Release|Any CPU.ActiveCfg = Release|Any CPU
		{17831945-134A-46E9-BE95-5F5156BDA5AB}.Release|Any CPU.Build.0 = Release|Any CPU
	EndGlobalSection
	GlobalSection(SolutionProperties) = preSolution
		HideSolutionNode = FALSE
	EndGlobalSection
	GlobalSection(ExtensibilityGlobals) = postSolution
		SolutionGuid = {087370A8-FBCA-4D03-ACB0-2778730774A0}
	EndGlobalSection
EndGlobal
